
Microsoft Visual Studio Solution File, Format Version 12.00
# Visual Studio 2017
Project("{FAE04EC0-301F-11D3-BF4B-00C04F79EFBC}") = "TestGameOne", "TestGameOne.csproj", "{9B296B40-E5C4-DCE0-AA8B-E18EF71CCCD8}"
EndProject
Global
	GlobalSection(SolutionConfigurationPlatforms) = preSolution
		Debug|Any CPU = Debug|Any CPU
		Release|Any CPU = Release|Any CPU
	EndGlobalSection
	GlobalSection(ProjectConfigurationPlatforms) = postSolution
		{9B296B40-E5C4-DCE0-AA8B-E18EF71CCCD8}.Debug|Any CPU.ActiveCfg = Debug|Any CPU
		{9B296B40-E5C4-DCE0-AA8B-E18EF71CCCD8}.Debug|Any CPU.Build.0 = Debug|Any CPU
		{9B296B40-E5C4-DCE0-AA8B-E18EF71CCCD8}.Release|Any CPU.ActiveCfg = Release|Any CPU
		{9B296B40-E5C4-DCE0-AA8B-E18EF71CCCD8}.Release|Any CPU.Build.0 = Release|Any CPU
	EndGlobalSection
	GlobalSection(SolutionProperties) = preSolution
		HideSolutionNode = FALSE
	EndGlobalSection
EndGlobal
